
Microsoft Visual Studio Solution File, Format Version 12.00
# Visual Studio Version 17
VisualStudioVersion = 17.8.34322.80
MinimumVisualStudioVersion = 10.0.40219.1
Project("{9A19103F-16F7-4668-BE54-9A1E7A4F7556}") = "SistemaVenta.Entity", "SistemaVenta.Entity\SistemaVenta.Entity.csproj", "{F8802174-3EBB-4C5D-82C4-614BCB557C52}"
EndProject
Project("{9A19103F-16F7-4668-BE54-9A1E7A4F7556}") = "SistemaVenta.DAL", "SistemaVenta.DAL\SistemaVenta.DAL.csproj", "{95E23D64-B304-416B-BC17-A790AFEB6A7D}"
EndProject
Project("{9A19103F-16F7-4668-BE54-9A1E7A4F7556}") = "SistemaVenta.BLL", "SistemaVenta.BLL\SistemaVenta.BLL.csproj", "{F967567A-3F6D-4E78-A83A-0E6C7D03D53D}"
EndProject
Project("{9A19103F-16F7-4668-BE54-9A1E7A4F7556}") = "SistemaVenta.IOC", "SistemaVenta.IOC\SistemaVenta.IOC.csproj", "{F99C842E-A265-48F7-B06A-BDFBD7C7DCDD}"
EndProject
Project("{9A19103F-16F7-4668-BE54-9A1E7A4F7556}") = "SistemaVenta.AplicacionWeb", "SistemaVenta.AplicacionWeb\SistemaVenta.AplicacionWeb.csproj", "{17FDDD65-68A5-450A-B72A-FECAE82860C8}"
EndProject
Global
	GlobalSection(SolutionConfigurationPlatforms) = preSolution
		Debug|Any CPU = Debug|Any CPU
		Release|Any CPU = Release|Any CPU
	EndGlobalSection
	GlobalSection(ProjectConfigurationPlatforms) = postSolution
		{F8802174-3EBB-4C5D-82C4-614BCB557C52}.Debug|Any CPU.ActiveCfg = Debug|Any CPU
		{F8802174-3EBB-4C5D-82C4-614BCB557C52}.Debug|Any CPU.Build.0 = Debug|Any CPU
		{F8802174-3EBB-4C5D-82C4-614BCB557C52}.Release|Any CPU.ActiveCfg = Release|Any CPU
		{F8802174-3EBB-4C5D-82C4-614BCB557C52}.Release|Any CPU.Build.0 = Release|Any CPU
		{95E23D64-B304-416B-BC17-A790AFEB6A7D}.Debug|Any CPU.ActiveCfg = Debug|Any CPU
		{95E23D64-B304-416B-BC17-A790AFEB6A7D}.Debug|Any CPU.Build.0 = Debug|Any CPU
		{95E23D64-B304-416B-BC17-A790AFEB6A7D}.Release|Any CPU.ActiveCfg = Release|Any CPU
		{95E23D64-B304-416B-BC17-A790AFEB6A7D}.Release|Any CPU.Build.0 = Release|Any CPU
		{F967567A-3F6D-4E78-A83A-0E6C7D03D53D}.Debug|Any CPU.ActiveCfg = Debug|Any CPU
		{F967567A-3F6D-4E78-A83A-0E6C7D03D53D}.Debug|Any CPU.Build.0 = Debug|Any CPU
		{F967567A-3F6D-4E78-A83A-0E6C7D03D53D}.Release|Any CPU.ActiveCfg = Release|Any CPU
		{F967567A-3F6D-4E78-A83A-0E6C7D03D53D}.Release|Any CPU.Build.0 = Release|Any CPU
		{F99C842E-A265-48F7-B06A-BDFBD7C7DCDD}.Debug|Any CPU.ActiveCfg = Debug|Any CPU
		{F99C842E-A265-48F7-B06A-BDFBD7C7DCDD}.Debug|Any CPU.Build.0 = Debug|Any CPU
		{F99C842E-A265-48F7-B06A-BDFBD7C7DCDD}.Release|Any CPU.ActiveCfg = Release|Any CPU
		{F99C842E-A265-48F7-B06A-BDFBD7C7DCDD}.Release|Any CPU.Build.0 = Release|Any CPU
		{17FDDD65-68A5-450A-B72A-FECAE82860C8}.Debug|Any CPU.ActiveCfg = Debug|Any CPU
		{17FDDD65-68A5-450A-B72A-FECAE82860C8}.Debug|Any CPU.Build.0 = Debug|Any CPU
		{17FDDD65-68A5-450A-B72A-FECAE82860C8}.Release|Any CPU.ActiveCfg = Release|Any CPU
		{17FDDD65-68A5-450A-B72A-FECAE82860C8}.Release|Any CPU.Build.0 = Release|Any CPU
	EndGlobalSection
	GlobalSection(SolutionProperties) = preSolution
		HideSolutionNode = FALSE
	EndGlobalSection
	GlobalSection(ExtensibilityGlobals) = postSolution
		SolutionGuid = {42EED573-3DF8-47F0-993E-3D7619C67290}
	EndGlobalSection
EndGlobal
